{
  "lib/chainlink-brownie-contracts": {
    "rev": "c6d0ca512f1b09d93bc81415d246dbee7e5c6894"
  },
  "lib/forge-std": {
    "rev": "f73c73d2018eb6a111f35e4dae7b4f27401e9421"
  },
  "lib/foundry-devops": {
    "rev": "47393d0a85ad9f6aa127ba2aed2bf9a7a7488bcf"
  },
  "lib/openzeppelin-contracts": {
    "rev": "fd81a96f01cc42ef1c9a5399364968d0e07e9e90"
  }
}